{
  "name": "WebScrapping",
  "version": "1.0.0",
  "lockfileVersion": 1,
  "requires": true,
  "dependencies": {
    "playwright": {
      "version": "1.31.1",
      "resolved": "https://registry.npmjs.org/playwright/-/playwright-1.31.1.tgz",
      "integrity": "sha512-zKJabsIA2rvOwJ12lGTqWv4HVJzlfw2JtUvO4hAr7J8UXQZ1qEPpX20E1vcz/9fotnTkwgqp3CVdIBwptBN3Fg==",
      "requires": {
        "playwright-core": "1.31.1"
      },
      "dependencies": {
        "playwright-core": {
          "version": "1.31.1",
          "resolved": "https://registry.npmjs.org/playwright-core/-/playwright-core-1.31.1.tgz",
          "integrity": "sha512-JTyX4kV3/LXsvpHkLzL2I36aCdml4zeE35x+G5aPc4bkLsiRiQshU5lWeVpHFAuC8xAcbI6FDcw/8z3q2xtJSQ=="
        }
      }
    }
  }
}
